
Microsoft Visual Studio Solution File, Format Version 12.00
# Visual Studio Version 17
VisualStudioVersion = 17.10.35013.160
MinimumVisualStudioVersion = 10.0.40219.1
Project("{FAE04EC0-301F-11D3-BF4B-00C04F79EFBC}") = "3-7-2024-Task2", "3-7-2024-Task2\3-7-2024-Task2.csproj", "{98945C19-1ABB-40D7-A280-9A55241B6DDF}"
EndProject
Global
	GlobalSection(SolutionConfigurationPlatforms) = preSolution
		Debug|Any CPU = Debug|Any CPU
		Release|Any CPU = Release|Any CPU
	EndGlobalSection
	GlobalSection(ProjectConfigurationPlatforms) = postSolution
		{98945C19-1ABB-40D7-A280-9A55241B6DDF}.Debug|Any CPU.ActiveCfg = Debug|Any CPU
		{98945C19-1ABB-40D7-A280-9A55241B6DDF}.Debug|Any CPU.Build.0 = Debug|Any CPU
		{98945C19-1ABB-40D7-A280-9A55241B6DDF}.Release|Any CPU.ActiveCfg = Release|Any CPU
		{98945C19-1ABB-40D7-A280-9A55241B6DDF}.Release|Any CPU.Build.0 = Release|Any CPU
	EndGlobalSection
	GlobalSection(SolutionProperties) = preSolution
		HideSolutionNode = FALSE
	EndGlobalSection
	GlobalSection(ExtensibilityGlobals) = postSolution
		SolutionGuid = {FC0BD432-9538-4596-AB0D-DCF641158BE3}
	EndGlobalSection
EndGlobal
