
Microsoft Visual Studio Solution File, Format Version 12.00
# Visual Studio Version 17
VisualStudioVersion = 17.10.35013.160
MinimumVisualStudioVersion = 10.0.40219.1
Project("{FAE04EC0-301F-11D3-BF4B-00C04F79EFBC}") = "2July2024-Task1", "2July2024-Task1\2July2024-Task1.csproj", "{500292A0-7528-4BDD-B661-2234F3D6ADF5}"
EndProject
Global
	GlobalSection(SolutionConfigurationPlatforms) = preSolution
		Debug|Any CPU = Debug|Any CPU
		Release|Any CPU = Release|Any CPU
	EndGlobalSection
	GlobalSection(ProjectConfigurationPlatforms) = postSolution
		{500292A0-7528-4BDD-B661-2234F3D6ADF5}.Debug|Any CPU.ActiveCfg = Debug|Any CPU
		{500292A0-7528-4BDD-B661-2234F3D6ADF5}.Debug|Any CPU.Build.0 = Debug|Any CPU
		{500292A0-7528-4BDD-B661-2234F3D6ADF5}.Release|Any CPU.ActiveCfg = Release|Any CPU
		{500292A0-7528-4BDD-B661-2234F3D6ADF5}.Release|Any CPU.Build.0 = Release|Any CPU
	EndGlobalSection
	GlobalSection(SolutionProperties) = preSolution
		HideSolutionNode = FALSE
	EndGlobalSection
	GlobalSection(ExtensibilityGlobals) = postSolution
		SolutionGuid = {E375EDC7-C33B-4208-85DB-0F74863611BB}
	EndGlobalSection
EndGlobal
