
Microsoft Visual Studio Solution File, Format Version 12.00
# Visual Studio Version 17
VisualStudioVersion = 17.10.35013.160
MinimumVisualStudioVersion = 10.0.40219.1
Project("{FAE04EC0-301F-11D3-BF4B-00C04F79EFBC}") = "2July2024-Task2", "2July2024-Task2\2July2024-Task2.csproj", "{FC219E06-CB09-4066-AD3D-31371B1ACF7B}"
EndProject
Global
	GlobalSection(SolutionConfigurationPlatforms) = preSolution
		Debug|Any CPU = Debug|Any CPU
		Release|Any CPU = Release|Any CPU
	EndGlobalSection
	GlobalSection(ProjectConfigurationPlatforms) = postSolution
		{FC219E06-CB09-4066-AD3D-31371B1ACF7B}.Debug|Any CPU.ActiveCfg = Debug|Any CPU
		{FC219E06-CB09-4066-AD3D-31371B1ACF7B}.Debug|Any CPU.Build.0 = Debug|Any CPU
		{FC219E06-CB09-4066-AD3D-31371B1ACF7B}.Release|Any CPU.ActiveCfg = Release|Any CPU
		{FC219E06-CB09-4066-AD3D-31371B1ACF7B}.Release|Any CPU.Build.0 = Release|Any CPU
	EndGlobalSection
	GlobalSection(SolutionProperties) = preSolution
		HideSolutionNode = FALSE
	EndGlobalSection
	GlobalSection(ExtensibilityGlobals) = postSolution
		SolutionGuid = {5D2F5944-3443-4227-ACA0-BB930A602FC1}
	EndGlobalSection
EndGlobal
